
Microsoft Visual Studio Solution File, Format Version 12.00
Project("{FAE04EC0-301F-11D3-BF4B-00C04F79EFBC}") = "UtilsLib", "UtilsLib\UtilsLib.csproj", "{0E7284C5-4E7A-4638-984A-C829ECCB2CB5}"
EndProject
Project("{FAE04EC0-301F-11D3-BF4B-00C04F79EFBC}") = "ConsoleApp", "ConsoleApp\ConsoleApp.csproj", "{B37BCE46-476C-4A23-AAFC-841853D0B439}"
EndProject
Global
	GlobalSection(SolutionConfigurationPlatforms) = preSolution
		Debug|Any CPU = Debug|Any CPU
		Release|Any CPU = Release|Any CPU
	EndGlobalSection
	GlobalSection(ProjectConfigurationPlatforms) = postSolution
		{0E7284C5-4E7A-4638-984A-C829ECCB2CB5}.Debug|Any CPU.ActiveCfg = Debug|Any CPU
		{0E7284C5-4E7A-4638-984A-C829ECCB2CB5}.Debug|Any CPU.Build.0 = Debug|Any CPU
		{0E7284C5-4E7A-4638-984A-C829ECCB2CB5}.Release|Any CPU.ActiveCfg = Release|Any CPU
		{0E7284C5-4E7A-4638-984A-C829ECCB2CB5}.Release|Any CPU.Build.0 = Release|Any CPU
		{B37BCE46-476C-4A23-AAFC-841853D0B439}.Debug|Any CPU.ActiveCfg = Debug|Any CPU
		{B37BCE46-476C-4A23-AAFC-841853D0B439}.Debug|Any CPU.Build.0 = Debug|Any CPU
		{B37BCE46-476C-4A23-AAFC-841853D0B439}.Release|Any CPU.ActiveCfg = Release|Any CPU
		{B37BCE46-476C-4A23-AAFC-841853D0B439}.Release|Any CPU.Build.0 = Release|Any CPU
	EndGlobalSection
EndGlobal
